<?xml version="1.0" encoding="utf-8"?>
<Project ToolsVersion="4.0" xmlns="http://schemas.microsoft.com/developer/msbuild/2003">
  <ItemGroup>
    <Filter Include="Source Files">
      <UniqueIdentifier>{4FC737F1-C7A5-4376-A066-2A32D752A2FF}</UniqueIdentifier>
      <Extensions>cpp;c;cc;cxx;def;odl;idl;hpj;bat;asm;asmx</Extensions>
    </Filter>
    <Filter Include="Header Files">
      <UniqueIdentifier>{93995380-89BD-4b04-88EB-625FBE52EBFB}</UniqueIdentifier>
      <Extensions>h;hh;hpp;hxx;hm;inl;inc;xsd</Extensions>
    </Filter>
    <Filter Include="Resource Files">
      <UniqueIdentifier>{67DA6AB6-F800-4c08-8B7A-83BB121AAD01}</UniqueIdentifier>
      <Extensions>rc;ico;cur;bmp;dlg;rc2;rct;bin;rgs;gif;jpg;jpeg;jpe;resx;tiff;tif;png;wav;mfcribbon-ms</Extensions>
    </Filter>
    <Filter Include="Resource Files\shadow">
      <UniqueIdentifier>{bcb23344-559b-48e4-af85-6e6381f9e3d6}</UniqueIdentifier>
    </Filter>
    <Filter Include="Resource Files\Point Shadow">
      <UniqueIdentifier>{6ddf840c-a27a-47d4-bd1b-4e5b7e260c6c}</UniqueIdentifier>
    </Filter>
  </ItemGroup>
  <ItemGroup>
    <ClCompile Include="..\..\deps\include\glad\glad.c">
      <Filter>Source Files</Filter>
    </ClCompile>
    <ClCompile Include="Demo.cpp">
      <Filter>Source Files</Filter>
    </ClCompile>
    <ClCompile Include="RenderEngine.cpp">
      <Filter>Source Files</Filter>
    </ClCompile>
    <ClCompile Include="MasterSword.cpp">
      <Filter>Source Files</Filter>
    </ClCompile>
    <ClCompile Include="BusterSword.cpp">
      <Filter>Source Files</Filter>
    </ClCompile>
    <ClCompile Include="MuseumIndoor.cpp">
      <Filter>Source Files</Filter>
    </ClCompile>
    <ClCompile Include="Camera.cpp">
      <Filter>Source Files</Filter>
    </ClCompile>
    <ClCompile Include="Person.cpp">
      <Filter>Source Files</Filter>
    </ClCompile>
  </ItemGroup>
  <ItemGroup>
    <ClInclude Include="Demo.h">
      <Filter>Header Files</Filter>
    </ClInclude>
    <ClInclude Include="RenderEngine.h">
      <Filter>Header Files</Filter>
    </ClInclude>
    <ClInclude Include="MasterSword.h">
      <Filter>Header Files</Filter>
    </ClInclude>
    <ClInclude Include="BusterSword.h">
      <Filter>Header Files</Filter>
    </ClInclude>
    <ClInclude Include="MuseumIndoor.h">
      <Filter>Header Files</Filter>
    </ClInclude>
    <ClInclude Include="Camera.h">
      <Filter>Header Files</Filter>
    </ClInclude>
    <ClInclude Include="Person.h">
      <Filter>Header Files</Filter>
    </ClInclude>
  </ItemGroup>
  <ItemGroup>
    <None Include="texturedShader.vert">
      <Filter>Resource Files</Filter>
    </None>
    <None Include="texturedShader.frag">
      <Filter>Resource Files</Filter>
    </None>
    <None Include="lightShader.vert">
      <Filter>Resource Files</Filter>
    </None>
    <None Include="lightShader.frag">
      <Filter>Resource Files</Filter>
    </None>
    <None Include="shadow_mapping.frag">
      <Filter>Resource Files\shadow</Filter>
    </None>
    <None Include="shadow_mapping.vert">
      <Filter>Resource Files\shadow</Filter>
    </None>
    <None Include="shadow_mapping_depth.frag">
      <Filter>Resource Files\shadow</Filter>
    </None>
    <None Include="shadow_mapping_depth.vert">
      <Filter>Resource Files\shadow</Filter>
    </None>
    <None Include="debug_quad.vert">
      <Filter>Resource Files\shadow</Filter>
    </None>
    <None Include="debug_quad.frag">
      <Filter>Resource Files\shadow</Filter>
    </None>
    <None Include="point_shadows_depth.geom">
      <Filter>Resource Files\Point Shadow</Filter>
    </None>
    <None Include="point_shadows_depth.frag">
      <Filter>Resource Files\Point Shadow</Filter>
    </None>
    <None Include="point_shadow.vert">
      <Filter>Resource Files\Point Shadow</Filter>
    </None>
    <None Include="point_shadows_depth.vert">
      <Filter>Resource Files\Point Shadow</Filter>
    </None>
    <None Include="point_shadow.frag">
      <Filter>Resource Files\Point Shadow</Filter>
    </None>
  </ItemGroup>
  <ItemGroup>
    <Image Include="crate.png">
      <Filter>Resource Files</Filter>
    </Image>
    <Image Include="..\..\..\..\Kuli Ah\Semester 5\Grafika Komputer\Grafika Komputer dan Visualisasi\vs\Lesson05\marble.png">
      <Filter>Resource Files</Filter>
    </Image>
    <Image Include="..\..\..\..\Kuli Ah\Semester 5\Grafika Komputer\Grafika Komputer dan Visualisasi\vs\Lesson07\marble_diffusemap.png">
      <Filter>Resource Files</Filter>
    </Image>
    <Image Include="..\..\..\..\Kuli Ah\Semester 5\Grafika Komputer\Grafika Komputer dan Visualisasi\vs\Lesson07\marble_specularmap.png">
      <Filter>Resource Files</Filter>
    </Image>
    <Image Include="..\..\..\..\Kuli Ah\Semester 5\Grafika Komputer\Grafika Komputer dan Visualisasi\vs\Lesson07\crate_specularmap.png">
      <Filter>Resource Files</Filter>
    </Image>
    <Image Include="..\..\..\..\Kuli Ah\Semester 5\Grafika Komputer\Grafika Komputer dan Visualisasi\vs\Lesson07\crate_diffusemap.png">
      <Filter>Resource Files</Filter>
    </Image>
  </ItemGroup>
</Project>